Microsoft Visual Studio Solution File, Format Version 11.00
# Visual Studio 2008

Project("{8711BE3A-D603-5A6E-3838-7ED7E47223AB}") = "toolkit2dTestNew", "Assembly-CSharp.csproj", "{4EEDF68D-BC3B-D834-352A-77DC1ECFDA58}"
EndProject
Project("{8711BE3A-D603-5A6E-3838-7ED7E47223AB}") = "toolkit2dTestNew", "Assembly-CSharp-Editor.csproj", "{9F3625D4-05A7-4F9A-EDB2-7A89FACE7394}"
EndProject
Global
	GlobalSection(SolutionConfigurationPlatforms) = preSolution
		Debug|Any CPU = Debug|Any CPU
		Release|Any CPU = Release|Any CPU
	EndGlobalSection
	GlobalSection(ProjectConfigurationPlatforms) = postSolution
		{4EEDF68D-BC3B-D834-352A-77DC1ECFDA58}.Debug|Any CPU.ActiveCfg = Debug|Any CPU
		{4EEDF68D-BC3B-D834-352A-77DC1ECFDA58}.Debug|Any CPU.Build.0 = Debug|Any CPU
		{4EEDF68D-BC3B-D834-352A-77DC1ECFDA58}.Release|Any CPU.ActiveCfg = Release|Any CPU
		{4EEDF68D-BC3B-D834-352A-77DC1ECFDA58}.Release|Any CPU.Build.0 = Release|Any CPU
		{9F3625D4-05A7-4F9A-EDB2-7A89FACE7394}.Debug|Any CPU.ActiveCfg = Debug|Any CPU
		{9F3625D4-05A7-4F9A-EDB2-7A89FACE7394}.Debug|Any CPU.Build.0 = Debug|Any CPU
		{9F3625D4-05A7-4F9A-EDB2-7A89FACE7394}.Release|Any CPU.ActiveCfg = Release|Any CPU
		{9F3625D4-05A7-4F9A-EDB2-7A89FACE7394}.Release|Any CPU.Build.0 = Release|Any CPU
	EndGlobalSection
	GlobalSection(SolutionProperties) = preSolution
		HideSolutionNode = FALSE
	EndGlobalSection
																GlobalSection(MonoDevelopProperties) = preSolution
		StartupItem = Assembly-CSharp.csproj
		Policies = $0
		$0.TextStylePolicy = $1
		$1.inheritsSet = null
		$1.scope = text/x-csharp
		$0.CSharpFormattingPolicy = $2
		$2.inheritsSet = Mono
		$2.inheritsScope = text/x-csharp
		$2.scope = text/x-csharp
		$0.TextStylePolicy = $3
		$3.FileWidth = 120
		$3.TabWidth = 4
		$3.EolMarker = Unix
		$3.inheritsSet = Mono
		$3.inheritsScope = text/plain
		$3.scope = text/plain
	EndGlobalSection

EndGlobal
